
Microsoft Visual Studio Solution File, Format Version 12.00
# Visual Studio Version 17
VisualStudioVersion = 17.0.31903.59
MinimumVisualStudioVersion = 10.0.40219.1
Project("{2150E333-8FDC-42A3-9474-1A3956D46DE8}") = "src", "src", "{827E0CD3-B72D-47B6-A68D-7590B98EB39B}"
EndProject
Project("{2150E333-8FDC-42A3-9474-1A3956D46DE8}") = "Sergio", "Sergio", "{8BAE64A8-24ED-BCC6-D5CF-D918805A922F}"
EndProject
Project("{2150E333-8FDC-42A3-9474-1A3956D46DE8}") = "src", "src", "{81A38AAF-7183-8D33-96CD-8A8BEBFC6FC2}"
EndProject
Project("{FAE04EC0-301F-11D3-BF4B-00C04F79EFBC}") = "Sergio", "src\Sergio\src\Sergio.csproj", "{20A813CB-D111-4017-9744-749597B6D17D}"
EndProject
Project("{2150E333-8FDC-42A3-9474-1A3956D46DE8}") = "test", "test", "{52C620AC-C83B-6EA8-F099-62158C1DE51C}"
EndProject
Project("{FAE04EC0-301F-11D3-BF4B-00C04F79EFBC}") = "Sergio.Tests", "src\Sergio\test\Sergio.Tests.csproj", "{7096A4E3-EEB3-4864-875D-47F77FBD606A}"
EndProject
Global
	GlobalSection(SolutionConfigurationPlatforms) = preSolution
		Debug|Any CPU = Debug|Any CPU
		Debug|x64 = Debug|x64
		Debug|x86 = Debug|x86
		Release|Any CPU = Release|Any CPU
		Release|x64 = Release|x64
		Release|x86 = Release|x86
	EndGlobalSection
	GlobalSection(ProjectConfigurationPlatforms) = postSolution
		{20A813CB-D111-4017-9744-749597B6D17D}.Debug|Any CPU.ActiveCfg = Debug|Any CPU
		{20A813CB-D111-4017-9744-749597B6D17D}.Debug|Any CPU.Build.0 = Debug|Any CPU
		{20A813CB-D111-4017-9744-749597B6D17D}.Debug|x64.ActiveCfg = Debug|Any CPU
		{20A813CB-D111-4017-9744-749597B6D17D}.Debug|x64.Build.0 = Debug|Any CPU
		{20A813CB-D111-4017-9744-749597B6D17D}.Debug|x86.ActiveCfg = Debug|Any CPU
		{20A813CB-D111-4017-9744-749597B6D17D}.Debug|x86.Build.0 = Debug|Any CPU
		{20A813CB-D111-4017-9744-749597B6D17D}.Release|Any CPU.ActiveCfg = Release|Any CPU
		{20A813CB-D111-4017-9744-749597B6D17D}.Release|Any CPU.Build.0 = Release|Any CPU
		{20A813CB-D111-4017-9744-749597B6D17D}.Release|x64.ActiveCfg = Release|Any CPU
		{20A813CB-D111-4017-9744-749597B6D17D}.Release|x64.Build.0 = Release|Any CPU
		{20A813CB-D111-4017-9744-749597B6D17D}.Release|x86.ActiveCfg = Release|Any CPU
		{20A813CB-D111-4017-9744-749597B6D17D}.Release|x86.Build.0 = Release|Any CPU
		{7096A4E3-EEB3-4864-875D-47F77FBD606A}.Debug|Any CPU.ActiveCfg = Debug|Any CPU
		{7096A4E3-EEB3-4864-875D-47F77FBD606A}.Debug|Any CPU.Build.0 = Debug|Any CPU
		{7096A4E3-EEB3-4864-875D-47F77FBD606A}.Debug|x64.ActiveCfg = Debug|Any CPU
		{7096A4E3-EEB3-4864-875D-47F77FBD606A}.Debug|x64.Build.0 = Debug|Any CPU
		{7096A4E3-EEB3-4864-875D-47F77FBD606A}.Debug|x86.ActiveCfg = Debug|Any CPU
		{7096A4E3-EEB3-4864-875D-47F77FBD606A}.Debug|x86.Build.0 = Debug|Any CPU
		{7096A4E3-EEB3-4864-875D-47F77FBD606A}.Release|Any CPU.ActiveCfg = Release|Any CPU
		{7096A4E3-EEB3-4864-875D-47F77FBD606A}.Release|Any CPU.Build.0 = Release|Any CPU
		{7096A4E3-EEB3-4864-875D-47F77FBD606A}.Release|x64.ActiveCfg = Release|Any CPU
		{7096A4E3-EEB3-4864-875D-47F77FBD606A}.Release|x64.Build.0 = Release|Any CPU
		{7096A4E3-EEB3-4864-875D-47F77FBD606A}.Release|x86.ActiveCfg = Release|Any CPU
		{7096A4E3-EEB3-4864-875D-47F77FBD606A}.Release|x86.Build.0 = Release|Any CPU
	EndGlobalSection
	GlobalSection(SolutionProperties) = preSolution
		HideSolutionNode = FALSE
	EndGlobalSection
	GlobalSection(NestedProjects) = preSolution
		{8BAE64A8-24ED-BCC6-D5CF-D918805A922F} = {827E0CD3-B72D-47B6-A68D-7590B98EB39B}
		{81A38AAF-7183-8D33-96CD-8A8BEBFC6FC2} = {8BAE64A8-24ED-BCC6-D5CF-D918805A922F}
		{20A813CB-D111-4017-9744-749597B6D17D} = {81A38AAF-7183-8D33-96CD-8A8BEBFC6FC2}
		{52C620AC-C83B-6EA8-F099-62158C1DE51C} = {8BAE64A8-24ED-BCC6-D5CF-D918805A922F}
		{7096A4E3-EEB3-4864-875D-47F77FBD606A} = {52C620AC-C83B-6EA8-F099-62158C1DE51C}
	EndGlobalSection
EndGlobal
